# THIS IS AN AUTOGENERATED FILE. DO NOT EDIT THIS FILE DIRECTLY.
# yarn lockfile v1


"@napi-rs/snappy-android-arm64@^1.0.2":
  version "1.0.2"
  resolved "https://registry.yarnpkg.com/@napi-rs/snappy-android-arm64/-/snappy-android-arm64-1.0.2.tgz#98897013e3f1fd49eec90262b3928743067768a3"
  integrity sha512-I7VLnv6lJDquMX3AlC8JZREUplxOyPrqCeTLOg8eojISByyjCdEbn8xPzr8sdz2AF9fqzhqC3Hs9SOw3CtP/xg==

"@napi-rs/snappy-darwin-arm64@^1.0.2":
  version "1.0.2"
  resolved "https://registry.yarnpkg.com/@napi-rs/snappy-darwin-arm64/-/snappy-darwin-arm64-1.0.2.tgz#95cff8e68e6dab36bde25fbcf9475cc87fcdc16e"
  integrity sha512-bORHtrSu8zYklG5JyxOU2wseRo3tj8+WioP28M8TBseYVLrd+zckLVAia5J89NJD08LwJUdH/yW8VV3s+u8aLA==

"@napi-rs/snappy-darwin-x64@^1.0.2":
  version "1.0.2"
  resolved "https://registry.yarnpkg.com/@napi-rs/snappy-darwin-x64/-/snappy-darwin-x64-1.0.2.tgz#40ecf4496f55e084f3114eb4f5a9da6f593311dc"
  integrity sha512-FaJ2O23ALj7PLlDCOr5Jlzb4F+cGO4dfc+8xFbYC1XdAqvItZD7toRGs8g5sisdWJDRDpcP8jByF7XK2RIOLqQ==

"@napi-rs/snappy-freebsd-x64@^1.0.2":
  version "1.0.2"
  resolved "https://registry.yarnpkg.com/@napi-rs/snappy-freebsd-x64/-/snappy-freebsd-x64-1.0.2.tgz#43b32e51e7c838fa39a80d47a00fe769ba91b861"
  integrity sha512-oc4ahBFXL0zsSmO0bwtrTB8I1RBMNo2YPYlHdAf4SIFaqXkY3DHIDOSsLFSEvgQ0MKkBLZ8gtADheUz1Jr8HDQ==

"@napi-rs/snappy-linux-arm-gnueabihf@^1.0.2":
  version "1.0.2"
  resolved "https://registry.yarnpkg.com/@napi-rs/snappy-linux-arm-gnueabihf/-/snappy-linux-arm-gnueabihf-1.0.2.tgz#a7707915c04ebbeb2b286f9efa77e90df27d69a5"
  integrity sha512-9v4aKeYbdmgsLZBNaCr9Ws7mmtLrMjIeDMc0fytkCil4bmRJG86/nqMgq5jx1zC8waHYRp9GT2Vf53eVW/JXFA==

"@napi-rs/snappy-linux-arm64-gnu@^1.0.2":
  version "1.0.2"
  resolved "https://registry.yarnpkg.com/@napi-rs/snappy-linux-arm64-gnu/-/snappy-linux-arm64-gnu-1.0.2.tgz#5c5ae1d0d3982812b7d546d8d247d65b9e7e6135"
  integrity sha512-TljVpKLrlMzLMP0zW6Teqf2T0BWNvPMlzl/956XIxlEyH2lwNJKTOti/KdOsodamZK2M6zl9hMniao0QVcMHNQ==

"@napi-rs/snappy-linux-arm64-musl@^1.0.2":
  version "1.0.2"
  resolved "https://registry.yarnpkg.com/@napi-rs/snappy-linux-arm64-musl/-/snappy-linux-arm64-musl-1.0.2.tgz#1ec4b3caec2adead05a0b2750527e439406d9ec4"
  integrity sha512-XbIGdGb8r8j2CDCKDqs0FLr8VgQbdIUM5x6OEDjp5Mw3HeSDsDCGmNioJvzQl0t28ftDitE4BUeaMJM6OHYcAw==

"@napi-rs/snappy-linux-x64-gnu@^1.0.2":
  version "1.0.2"
  resolved "https://registry.yarnpkg.com/@napi-rs/snappy-linux-x64-gnu/-/snappy-linux-x64-gnu-1.0.2.tgz#aff802428f07a0cc2b73bf56aa3fe28661881be6"
  integrity sha512-XUJuwM7X7WaQ7TN3orog9/P1B7agDjW84eWbx45MHMalCkf/O14pWeehCBr7PKzQb7DVFNCPG9Z16VNNr2kxMg==

"@napi-rs/snappy-linux-x64-musl@^1.0.2":
  version "1.0.2"
  resolved "https://registry.yarnpkg.com/@napi-rs/snappy-linux-x64-musl/-/snappy-linux-x64-musl-1.0.2.tgz#78b8fd5e83ec613580f79e4200d3b1fe463a6d11"
  integrity sha512-pAPPy+fFCP1gXr7Bbn1Nfsq3875WJdf54ti2oKKf3lgL22+afz9m2dMn1/GuWET1vzCaoGaEjb59J9J11cN8lg==

"@napi-rs/snappy-win32-arm64-msvc@^1.0.2":
  version "1.0.2"
  resolved "https://registry.yarnpkg.com/@napi-rs/snappy-win32-arm64-msvc/-/snappy-win32-arm64-msvc-1.0.2.tgz#e8f46b3c055f4418e5f96c45f577bc843df500a0"
  integrity sha512-2amNgMm8LFhI8KzWlCuHByBKsCiB4c9ur5EY0PZCfbbUL+d8TRcVeHLndgUtgCqT+m+T35LXV6jpL3jF6vS3PQ==

"@napi-rs/snappy-win32-ia32-msvc@^1.0.2":
  version "1.0.2"
  resolved "https://registry.yarnpkg.com/@napi-rs/snappy-win32-ia32-msvc/-/snappy-win32-ia32-msvc-1.0.2.tgz#57399ecd56fbde6f1366140e0c77ad859f7380db"
  integrity sha512-Z0ujqNb6ybi3CBZYV/dKZRQ3V0YqX74xwO0n/vV4FG+kjMbmz1x2O5B+cbpBdYciPLf/oN1EJMEbf/e+csHXig==

"@napi-rs/snappy-win32-x64-msvc@^1.0.2":
  version "1.0.2"
  resolved "https://registry.yarnpkg.com/@napi-rs/snappy-win32-x64-msvc/-/snappy-win32-x64-msvc-1.0.2.tgz#a27a3a91ebbed4a6a00376bed15fa0eddc506891"
  integrity sha512-mpGGtdJp0+myWzVqtfkKcjdN8rXgN2b8ox6WxEe5CNga/vV8LdIpBl4HgQ4/GTd1PolG9v7eXqnl5Rli+yb8Nw==

"@napi-rs/snappy@^1.0.1":
  version "1.0.2"
  resolved "https://registry.yarnpkg.com/@napi-rs/snappy/-/snappy-1.0.2.tgz#43dcc7d0578edaf4fa683b713d907f7e8c8aaa36"
  integrity sha512-QHuTPh/HCmDfXSnswisrfpq20rwRh5Xl5pR0BEfR/31cTN3IesH6RD0tcs7/ZuGld+EsT/O9ksDyTEKYOque6g==
  dependencies:
    "@node-rs/helper" "^1.2.0"
  optionalDependencies:
    "@napi-rs/snappy-android-arm64" "^1.0.2"
    "@napi-rs/snappy-darwin-arm64" "^1.0.2"
    "@napi-rs/snappy-darwin-x64" "^1.0.2"
    "@napi-rs/snappy-freebsd-x64" "^1.0.2"
    "@napi-rs/snappy-linux-arm-gnueabihf" "^1.0.2"
    "@napi-rs/snappy-linux-arm64-gnu" "^1.0.2"
    "@napi-rs/snappy-linux-arm64-musl" "^1.0.2"
    "@napi-rs/snappy-linux-x64-gnu" "^1.0.2"
    "@napi-rs/snappy-linux-x64-musl" "^1.0.2"
    "@napi-rs/snappy-win32-arm64-msvc" "^1.0.2"
    "@napi-rs/snappy-win32-ia32-msvc" "^1.0.2"
    "@napi-rs/snappy-win32-x64-msvc" "^1.0.2"

"@napi-rs/triples@^1.1.0":
  version "1.1.0"
  resolved "https://registry.yarnpkg.com/@napi-rs/triples/-/triples-1.1.0.tgz#88c35b72e79a20b79bb4c9b3e2817241a1c9f4f9"
  integrity sha512-XQr74QaLeMiqhStEhLn1im9EOMnkypp7MZOwQhGzqp2Weu5eQJbpPxWxixxlYRKWPOmJjsk6qYfYH9kq43yc2w==

"@node-rs/crc32-android-arm-eabi@1.3.1":
  version "1.3.1"
  resolved "https://registry.yarnpkg.com/@node-rs/crc32-android-arm-eabi/-/crc32-android-arm-eabi-1.3.1.tgz#85d92edb1715390284037ea29e31a04f824dba50"
  integrity sha512-iNNHEFSOwuQ0AZHTOkbZNs2hbu3+7l+Zi1ZjqHKAZFTbd2uDPmYIWNqqxWegaKAwnvVKL9ciSDYYEEY4oF8ETg==

"@node-rs/crc32-android-arm64@1.3.1":
  version "1.3.1"
  resolved "https://registry.yarnpkg.com/@node-rs/crc32-android-arm64/-/crc32-android-arm64-1.3.1.tgz#4da86414bd41e9d47e224b78f5888a57bf69eaa2"
  integrity sha512-r4DH1XHR2gVRv5kiNrHJU45X1KhDIwKFMKM9mw3xR36MUq34frQdUrovF+DgHKqfTBRS1y1WSL/x6tS6qYHZgQ==

"@node-rs/crc32-darwin-arm64@1.3.1":
  version "1.3.1"
  resolved "https://registry.yarnpkg.com/@node-rs/crc32-darwin-arm64/-/crc32-darwin-arm64-1.3.1.tgz#fc366cb6f5754f91640f6d589d77a3802030c106"
  integrity sha512-3QYYAh7b+1DY2T1kdVDb8dP08OwI6MIrhWYsOb8jVBjXSB0we2phM6J092ml8l18TJNw2VLO2UgM1QvTxOaOMw==

"@node-rs/crc32-darwin-x64@1.3.1":
  version "1.3.1"
  resolved "https://registry.yarnpkg.com/@node-rs/crc32-darwin-x64/-/crc32-darwin-x64-1.3.1.tgz#f18f7b6d1ae823730128661a53c9e523834d8a62"
  integrity sha512-l7AKwVV6670T2SnDWUrXDHZxi5QX+XkS44P1wHzf+hDkgkl6Dm6ou47RH63Ebvdjl/jm4Z5Zk7XSef9aSotpwQ==

"@node-rs/crc32-freebsd-x64@1.3.1":
  version "1.3.1"
  resolved "https://registry.yarnpkg.com/@node-rs/crc32-freebsd-x64/-/crc32-freebsd-x64-1.3.1.tgz#5152c3d8575740c3aa76713586814d5f568e3853"
  integrity sha512-PVoCqAZWouXYRtWBw72a16Eq1NJVOfUEA2giEAHMtpV/D5tN7mgdPsKDbeLPSRwqVA2jouDXuiyA8IIzl6Fm8w==

"@node-rs/crc32-linux-arm-gnueabihf@1.3.1":
  version "1.3.1"
  resolved "https://registry.yarnpkg.com/@node-rs/crc32-linux-arm-gnueabihf/-/crc32-linux-arm-gnueabihf-1.3.1.tgz#a404ebee77549a88be0d57b55fe78d5f73610d6f"
  integrity sha512-iJhJS14FFdj3MIMLnfNcLQPstxlBDrItkZIYiMRzkw9DWpLjjLYH/uishC5Q2DB9NzR2hBdQeTcM/Ie1vKF0xw==

"@node-rs/crc32-linux-arm64-gnu@1.3.1":
  version "1.3.1"
  resolved "https://registry.yarnpkg.com/@node-rs/crc32-linux-arm64-gnu/-/crc32-linux-arm64-gnu-1.3.1.tgz#f54d783c6040e2a436beb52dc97c4310b05f9ba0"
  integrity sha512-K0m9QBkpzxbnTMfj7mpHx2YHB2Dbskf/AVA1AbWJXg5xySSb48nL5ZCqkeE+OkEzPrA9c6eu3MnEwZWodxpuSw==

"@node-rs/crc32-linux-arm64-musl@1.3.1":
  version "1.3.1"
  resolved "https://registry.yarnpkg.com/@node-rs/crc32-linux-arm64-musl/-/crc32-linux-arm64-musl-1.3.1.tgz#46d421cfaa99224f3a2c30a75d584518335b8c0b"
  integrity sha512-Un4pryPsx761ovw21J0sKeIJdqN+2i/7KEXMEoGYl2extmadsE5swS9SlMHp3l1oE2HKt/2CLfdrbinc1zoI8A==

"@node-rs/crc32-linux-x64-gnu@1.3.1":
  version "1.3.1"
  resolved "https://registry.yarnpkg.com/@node-rs/crc32-linux-x64-gnu/-/crc32-linux-x64-gnu-1.3.1.tgz#b20b4989f3e50273d54f8fe7ea5616a131785032"
  integrity sha512-7vGDwMfBunzhxTp52x1TsozZKc4946Ahx1GndsQoN3NpiWaW3ENouliOl3U9bpSF29k/9hJvcIBDghPtz6el6Q==

"@node-rs/crc32-linux-x64-musl@1.3.1":
  version "1.3.1"
  resolved "https://registry.yarnpkg.com/@node-rs/crc32-linux-x64-musl/-/crc32-linux-x64-musl-1.3.1.tgz#2017197bce4b4642274686650a0a910b32a2e1fa"
  integrity sha512-YQaCdUSSnO9Y3MGF+qfj7phHUWvJSab2QF7ru6TfX6syWPB2GYj1OhgX6CyVRli/XCkqqOMz/u2iV22vzj0jNA==

"@node-rs/crc32-win32-arm64-msvc@1.3.1":
  version "1.3.1"
  resolved "https://registry.yarnpkg.com/@node-rs/crc32-win32-arm64-msvc/-/crc32-win32-arm64-msvc-1.3.1.tgz#d8e65a1de84bc8c4147532fdcf06161b30c80b84"
  integrity sha512-Hio1iAHrvWFFh4V7MsRjaYBbS2nRNcpSHpXu0Hf/C6saykSOMkxgYbC6pcN+LfsG43HOZYkqeJAEnMal+dbk8g==

"@node-rs/crc32-win32-ia32-msvc@1.3.1":
  version "1.3.1"
  resolved "https://registry.yarnpkg.com/@node-rs/crc32-win32-ia32-msvc/-/crc32-win32-ia32-msvc-1.3.1.tgz#40f9ea364c11c03bb003fe473ec20a79788133dd"
  integrity sha512-QQ0mKhM4f9JyNUPQ0BFtzeb6CrFFnDEJG9dGfJAHgsqWaHNBmVXoMXYdVGXqged25WV7R/+Zk+EWUsvBBfnVig==

"@node-rs/crc32-win32-x64-msvc@1.3.1":
  version "1.3.1"
  resolved "https://registry.yarnpkg.com/@node-rs/crc32-win32-x64-msvc/-/crc32-win32-x64-msvc-1.3.1.tgz#61ec9fcd974d940463e31af17f4c83d04fd5f870"
  integrity sha512-1hlEyJ5QK9p8+8MHpxtxW+RA5v4Y7BeSauDUAWQfBrF6FSwNKvbypkVSwC19OLQFUv0PP0lvyBG/oo6X7xN73Q==

"@node-rs/crc32@^1.1.2":
  version "1.3.1"
  resolved "https://registry.yarnpkg.com/@node-rs/crc32/-/crc32-1.3.1.tgz#c404d1b94025e6a91886b6991b48481f858593fc"
  integrity sha512-I03vfT0P4ud5QDsWtGc5qcBhvUz2PiaMhOg/B6GjyPy+VRJW5KR74+ODM1CsVZBHM6d/+wKHgsjtSh4HMz1fYg==
  optionalDependencies:
    "@node-rs/crc32-android-arm-eabi" "1.3.1"
    "@node-rs/crc32-android-arm64" "1.3.1"
    "@node-rs/crc32-darwin-arm64" "1.3.1"
    "@node-rs/crc32-darwin-x64" "1.3.1"
    "@node-rs/crc32-freebsd-x64" "1.3.1"
    "@node-rs/crc32-linux-arm-gnueabihf" "1.3.1"
    "@node-rs/crc32-linux-arm64-gnu" "1.3.1"
    "@node-rs/crc32-linux-arm64-musl" "1.3.1"
    "@node-rs/crc32-linux-x64-gnu" "1.3.1"
    "@node-rs/crc32-linux-x64-musl" "1.3.1"
    "@node-rs/crc32-win32-arm64-msvc" "1.3.1"
    "@node-rs/crc32-win32-ia32-msvc" "1.3.1"
    "@node-rs/crc32-win32-x64-msvc" "1.3.1"

"@node-rs/helper@^1.2.0":
  version "1.3.0"
  resolved "https://registry.yarnpkg.com/@node-rs/helper/-/helper-1.3.0.tgz#9326c6c25db045ab827ca9a43ef2f9935d4a9353"
  integrity sha512-KPS0EBA1bXtf96IL7wr5bFHxhL2KCZ6kI/hkyLG7nzEq2cDq8pJhOhcJDOLXIPh5J2LEJ5eXyjDTWDFg5eRypw==
  dependencies:
    "@napi-rs/triples" "^1.1.0"

dotenv@^10.0.0:
  version "10.0.0"
  resolved "https://registry.yarnpkg.com/dotenv/-/dotenv-10.0.0.tgz#3d4227b8fb95f81096cdd2b66653fb2c7085ba81"
  integrity sha512-rlBi9d8jpv9Sf1klPjNfFAuWDjKLwTIJJ/VxtoTwIR6hnZxcEOQCZg2oIL3MWBYw5GpUDKOEnND7LXTbIpQ03Q==

int24@0.0.1:
  version "0.0.1"
  resolved "https://registry.yarnpkg.com/int24/-/int24-0.0.1.tgz#96cff1430a46557352edb406cd87b3082b369d84"
  integrity sha1-ls/xQwpGVXNS7bQGzYezCCs2nYQ=

lodash@^4.17.15:
  version "4.17.21"
  resolved "https://registry.yarnpkg.com/lodash/-/lodash-4.17.21.tgz#679591c564c3bffaae8454cf0b3df370c3d6911c"
  integrity sha512-v2kDEe57lecTulaDIuNTPy3Ry4gLGJ6Z1O3vE1krgXZNrsQ+LFTGHVxVjcXPs17LhbZVGedAJv8XZ1tvj5FvSg==

node-fetch@^2.6.1:
  version "2.6.6"
  resolved "https://registry.yarnpkg.com/node-fetch/-/node-fetch-2.6.6.tgz#1751a7c01834e8e1697758732e9efb6eeadfaf89"
  integrity sha512-Z8/6vRlTUChSdIgMa51jxQ4lrw/Jy5SOW10ObaA47/RElsAN2c5Pn8bTgFGWn/ibwzXTE8qwr1Yzx28vsecXEA==
  dependencies:
    whatwg-url "^5.0.0"

node-state@~1.4.4:
  version "1.4.4"
  resolved "https://registry.yarnpkg.com/node-state/-/node-state-1.4.4.tgz#e5e62d86167e2da87238ac86fcf532dfe36cadb9"
  integrity sha1-5eYthhZ+LahyOKyG/PUy3+Nsrbk=

nsqjs@^0.13.0:
  version "0.13.0"
  resolved "https://registry.yarnpkg.com/nsqjs/-/nsqjs-0.13.0.tgz#b4aebee398bf9015f643d9633575768a18c45fbb"
  integrity sha512-h4sZoJu8qumYYGLts9ObWl+eK3BzkbBuE7UhrQYkLMQvaeHXFlGfBXB5IcgNBRQVOuEVRfT/1V4bPpgiJyN/RQ==
  dependencies:
    lodash "^4.17.15"
    node-fetch "^2.6.1"
    node-state "~1.4.4"
  optionalDependencies:
    snappystream "^2.0.0"

snappystream@^2.0.0:
  version "2.0.0"
  resolved "https://registry.yarnpkg.com/snappystream/-/snappystream-2.0.0.tgz#ab6a60a185281ee60aad2328e381a28e937f43cd"
  integrity sha512-Uu8wVCmd4R7W46HfHd6+E0kIFZlZ80heUyUyaCePhvIPCJF+uzpeAry5/6WNmeqx8SJiSdr0N635qUtL3AqzWg==
  dependencies:
    "@napi-rs/snappy" "^1.0.1"
    "@node-rs/crc32" "^1.1.2"
    int24 "0.0.1"

tr46@~0.0.3:
  version "0.0.3"
  resolved "https://registry.yarnpkg.com/tr46/-/tr46-0.0.3.tgz#8184fd347dac9cdc185992f3a6622e14b9d9ab6a"
  integrity sha1-gYT9NH2snNwYWZLzpmIuFLnZq2o=

webidl-conversions@^3.0.0:
  version "3.0.1"
  resolved "https://registry.yarnpkg.com/webidl-conversions/-/webidl-conversions-3.0.1.tgz#24534275e2a7bc6be7bc86611cc16ae0a5654871"
  integrity sha1-JFNCdeKnvGvnvIZhHMFq4KVlSHE=

whatwg-url@^5.0.0:
  version "5.0.0"
  resolved "https://registry.yarnpkg.com/whatwg-url/-/whatwg-url-5.0.0.tgz#966454e8765462e37644d3626f6742ce8b70965d"
  integrity sha1-lmRU6HZUYuN2RNNib2dCzotwll0=
  dependencies:
    tr46 "~0.0.3"
    webidl-conversions "^3.0.0"
